# This file is autogenerated, do not edit; changes may be undone by the next 'dep ensure'.


[[projects]]
  name = "github.com/BurntSushi/toml"
  packages = ["."]
  revision = "b26d9c308763d68093482582cea63d69be07a0f0"
  version = "v0.3.0"

[[projects]]
  branch = "master"
  name = "github.com/RackSec/srslog"
  packages = ["."]
  revision = "a974ba6f7fb527d2ddc73ee9c05d3e2ccc0af0dc"

[[projects]]
  name = "github.com/codegangsta/cli"
  packages = ["."]
  revision = "cfb38830724cc34fedffe9a2a29fb54fa9169cd1"
  version = "v1.20.0"

[[projects]]
  name = "github.com/docker/docker"
  packages = ["api/types","api/types/blkiodev","api/types/container","api/types/filters","api/types/mount","api/types/network","api/types/registry","api/types/strslice","api/types/swarm","api/types/versions"]
  revision = "092cba3727bb9b4a2f0e922cd6c0f93ea270e363"
  version = "v1.13.1"

[[projects]]
  name = "github.com/docker/go-connections"
  packages = ["nat"]
  revision = "3ede32e2033de7505e6500d6c868c2b9ed9f169d"
  version = "v0.3.0"

[[projects]]
  name = "github.com/docker/go-units"
  packages = ["."]
  revision = "0dadbb0345b35ec7ef35e228dabb8de89a65bf52"
  version = "v0.3.2"

[[projects]]
  name = "github.com/ghodss/yaml"
  packages = ["."]
  revision = "0ca9ea5df5451ffdf184b4428c902747c2c11cd7"
  version = "v1.0.0"

[[projects]]
  name = "github.com/go-ini/ini"
  packages = ["."]
  revision = "20b96f641a5ea98f2f8619ff4f3e061cff4833bd"
  version = "v1.28.2"

[[projects]]
  name = "github.com/grafov/bcast"
  packages = ["."]
  revision = "9ea08eda04b7e789e4d5fd79af998f605145cbb1"
  version = "v2.0"

[[projects]]
  name = "github.com/pkg/errors"
  packages = ["."]
  revision = "645ef00459ed84a119197bfb8d8205042c6df63d"
  version = "v0.8.0"

[[projects]]
  name = "github.com/qframe/types"
  packages = ["constants","helper","messages","plugin","qchannel","ticker"]
  revision = "430c1762e2d9037992c2379238c6c2df30755e50"
  version = "v0.1.6"

[[projects]]
  branch = "master"
  name = "github.com/zpatrick/go-config"
  packages = ["."]
  revision = "710646a45582fde23bf77bacbc2f38008dc7ffc2"

[[projects]]
  name = "gopkg.in/mcuadros/go-syslog.v2"
  packages = [".","format","internal/syslogparser","internal/syslogparser/rfc3164","internal/syslogparser/rfc5424"]
  revision = "9cf13b7327c0e153da3cba3540c2ae2b879c3859"
  version = "v2.2.1"

[[projects]]
  branch = "v2"
  name = "gopkg.in/yaml.v2"
  packages = ["."]
  revision = "eb3733d160e74a9c7e442f435eb3bea458e1d19f"

[solve-meta]
  analyzer-name = "dep"
  analyzer-version = 1
  inputs-digest = "8ac79eb2b6bfa1c2d7f4839d7163a065666a0459517f64e29d204bfd9f4c32a1"
  solver-name = "gps-cdcl"
  solver-version = 1
